// !$*UTF8*$!
{
	archiveVersion = 1;
	classes = {
	};
	objectVersion = 51;
	objects = {

/* Begin PBXBuildFile section */
		A1662362267C2D880006083D /* GoogleService-Info.plist in Resources */ = {isa = PBXBuildFile; fileRef = A1662361267C2D880006083D /* GoogleService-Info.plist */; };
		A1662394267C3F880006083D /* UserService.swift in Sources */ = {isa = PBXBuildFile; fileRef = A1662393267C3F880006083D /* UserService.swift */; };
		A194407026751B550027EC70 /* IncrementApp.swift in Sources */ = {isa = PBXBuildFile; fileRef = A194406F26751B550027EC70 /* IncrementApp.swift */; };
		A194407226751B550027EC70 /* LandingView.swift in Sources */ = {isa = PBXBuildFile; fileRef = A194407126751B550027EC70 /* LandingView.swift */; };
		A194407426751B640027EC70 /* Assets.xcassets in Resources */ = {isa = PBXBuildFile; fileRef = A194407326751B640027EC70 /* Assets.xcassets */; };
		A194407726751B640027EC70 /* Preview Assets.xcassets in Resources */ = {isa = PBXBuildFile; fileRef = A194407626751B640027EC70 /* Preview Assets.xcassets */; };
		A1944081267521E30027EC70 /* PrimaryButtonStyle.swift in Sources */ = {isa = PBXBuildFile; fileRef = A1944080267521E30027EC70 /* PrimaryButtonStyle.swift */; };
		A1944084267523130027EC70 /* Color+Extension.swift in Sources */ = {isa = PBXBuildFile; fileRef = A1944083267523130027EC70 /* Color+Extension.swift */; };
		A194408826752D0C0027EC70 /* CreateView.swift in Sources */ = {isa = PBXBuildFile; fileRef = A194408726752D0C0027EC70 /* CreateView.swift */; };
		A194408B26752E160027EC70 /* DropdownView.swift in Sources */ = {isa = PBXBuildFile; fileRef = A194408A26752E160027EC70 /* DropdownView.swift */; };
		A194408E267534D50027EC70 /* RemindView.swift in Sources */ = {isa = PBXBuildFile; fileRef = A194408D267534D50027EC70 /* RemindView.swift */; };
		A1944096267A85EA0027EC70 /* CreateChallengeViewModel.swift in Sources */ = {isa = PBXBuildFile; fileRef = A1944095267A85EA0027EC70 /* CreateChallengeViewModel.swift */; };
		A194409A267A86D60027EC70 /* DropdownItemProtocol.swift in Sources */ = {isa = PBXBuildFile; fileRef = A1944099267A86D60027EC70 /* DropdownItemProtocol.swift */; };
		A83AAA46006E58F1146FC034 /* Pods_Increment.framework in Frameworks */ = {isa = PBXBuildFile; fileRef = C979936677E22E460342F188 /* Pods_Increment.framework */; };
/* End PBXBuildFile section */

/* Begin PBXFileReference section */
		2D49DB24E6219E237592F4F0 /* Pods-Increment.release.xcconfig */ = {isa = PBXFileReference; includeInIndex = 1; lastKnownFileType = text.xcconfig; name = "Pods-Increment.release.xcconfig"; path = "Target Support Files/Pods-Increment/Pods-Increment.release.xcconfig"; sourceTree = "<group>"; };
		A1662361267C2D880006083D /* GoogleService-Info.plist */ = {isa = PBXFileReference; fileEncoding = 4; lastKnownFileType = text.plist.xml; path = "GoogleService-Info.plist"; sourceTree = "<group>"; };
		A1662393267C3F880006083D /* UserService.swift */ = {isa = PBXFileReference; lastKnownFileType = sourcecode.swift; path = UserService.swift; sourceTree = "<group>"; };
		A194406C26751B550027EC70 /* Increment.app */ = {isa = PBXFileReference; explicitFileType = wrapper.application; includeInIndex = 0; path = Increment.app; sourceTree = BUILT_PRODUCTS_DIR; };
		A194406F26751B550027EC70 /* IncrementApp.swift */ = {isa = PBXFileReference; lastKnownFileType = sourcecode.swift; path = IncrementApp.swift; sourceTree = "<group>"; };
		A194407126751B550027EC70 /* LandingView.swift */ = {isa = PBXFileReference; lastKnownFileType = sourcecode.swift; path = LandingView.swift; sourceTree = "<group>"; };
		A194407326751B640027EC70 /* Assets.xcassets */ = {isa = PBXFileReference; lastKnownFileType = folder.assetcatalog; path = Assets.xcassets; sourceTree = "<group>"; };
		A194407626751B640027EC70 /* Preview Assets.xcassets */ = {isa = PBXFileReference; lastKnownFileType = folder.assetcatalog; path = "Preview Assets.xcassets"; sourceTree = "<group>"; };
		A194407826751B640027EC70 /* Info.plist */ = {isa = PBXFileReference; lastKnownFileType = text.plist.xml; path = Info.plist; sourceTree = "<group>"; };
		A1944080267521E30027EC70 /* PrimaryButtonStyle.swift */ = {isa = PBXFileReference; lastKnownFileType = sourcecode.swift; path = PrimaryButtonStyle.swift; sourceTree = "<group>"; };
		A1944083267523130027EC70 /* Color+Extension.swift */ = {isa = PBXFileReference; lastKnownFileType = sourcecode.swift; path = "Color+Extension.swift"; sourceTree = "<group>"; };
		A194408726752D0C0027EC70 /* CreateView.swift */ = {isa = PBXFileReference; lastKnownFileType = sourcecode.swift; path = CreateView.swift; sourceTree = "<group>"; };
		A194408A26752E160027EC70 /* DropdownView.swift */ = {isa = PBXFileReference; lastKnownFileType = sourcecode.swift; path = DropdownView.swift; sourceTree = "<group>"; };
		A194408D267534D50027EC70 /* RemindView.swift */ = {isa = PBXFileReference; lastKnownFileType = sourcecode.swift; path = RemindView.swift; sourceTree = "<group>"; };
		A1944095267A85EA0027EC70 /* CreateChallengeViewModel.swift */ = {isa = PBXFileReference; lastKnownFileType = sourcecode.swift; path = CreateChallengeViewModel.swift; sourceTree = "<group>"; };
		A1944099267A86D60027EC70 /* DropdownItemProtocol.swift */ = {isa = PBXFileReference; lastKnownFileType = sourcecode.swift; path = DropdownItemProtocol.swift; sourceTree = "<group>"; };
		B6EBB4FFB3FD9EE7A977F2C8 /* Pods-Increment.debug.xcconfig */ = {isa = PBXFileReference; includeInIndex = 1; lastKnownFileType = text.xcconfig; name = "Pods-Increment.debug.xcconfig"; path = "Target Support Files/Pods-Increment/Pods-Increment.debug.xcconfig"; sourceTree = "<group>"; };
		C979936677E22E460342F188 /* Pods_Increment.framework */ = {isa = PBXFileReference; explicitFileType = wrapper.framework; includeInIndex = 0; path = Pods_Increment.framework; sourceTree = BUILT_PRODUCTS_DIR; };
/* End PBXFileReference section */

/* Begin PBXFrameworksBuildPhase section */
		A194406926751B550027EC70 /* Frameworks */ = {
			isa = PBXFrameworksBuildPhase;
			buildActionMask = 2147483647;
			files = (
				A83AAA46006E58F1146FC034 /* Pods_Increment.framework in Frameworks */,
			);
			runOnlyForDeploymentPostprocessing = 0;
		};
/* End PBXFrameworksBuildPhase section */

/* Begin PBXGroup section */
		258078103DE6F4096EE248CE /* Pods */ = {
			isa = PBXGroup;
			children = (
				B6EBB4FFB3FD9EE7A977F2C8 /* Pods-Increment.debug.xcconfig */,
				2D49DB24E6219E237592F4F0 /* Pods-Increment.release.xcconfig */,
			);
			path = Pods;
			sourceTree = "<group>";
		};
		A1662392267C3F7C0006083D /* Services */ = {
			isa = PBXGroup;
			children = (
				A1662393267C3F880006083D /* UserService.swift */,
			);
			path = Services;
			sourceTree = "<group>";
		};
		A194406326751B550027EC70 = {
			isa = PBXGroup;
			children = (
				A194406E26751B550027EC70 /* Increment */,
				A194406D26751B550027EC70 /* Products */,
				258078103DE6F4096EE248CE /* Pods */,
				F0C0654DCF21B74A0433C4B1 /* Frameworks */,
			);
			sourceTree = "<group>";
		};
		A194406D26751B550027EC70 /* Products */ = {
			isa = PBXGroup;
			children = (
				A194406C26751B550027EC70 /* Increment.app */,
			);
			name = Products;
			sourceTree = "<group>";
		};
		A194406E26751B550027EC70 /* Increment */ = {
			isa = PBXGroup;
			children = (
				A1662392267C3F7C0006083D /* Services */,
				A1662361267C2D880006083D /* GoogleService-Info.plist */,
				A1944094267A85D90027EC70 /* ViewModels */,
				A194406F26751B550027EC70 /* IncrementApp.swift */,
				A194407126751B550027EC70 /* LandingView.swift */,
				A194407326751B640027EC70 /* Assets.xcassets */,
				A194407826751B640027EC70 /* Info.plist */,
				A194407526751B640027EC70 /* Preview Content */,
				A1944080267521E30027EC70 /* PrimaryButtonStyle.swift */,
				A1944083267523130027EC70 /* Color+Extension.swift */,
				A194408726752D0C0027EC70 /* CreateView.swift */,
				A194408A26752E160027EC70 /* DropdownView.swift */,
				A194408D267534D50027EC70 /* RemindView.swift */,
			);
			path = Increment;
			sourceTree = "<group>";
		};
		A194407526751B640027EC70 /* Preview Content */ = {
			isa = PBXGroup;
			children = (
				A194407626751B640027EC70 /* Preview Assets.xcassets */,
			);
			path = "Preview Content";
			sourceTree = "<group>";
		};
		A1944094267A85D90027EC70 /* ViewModels */ = {
			isa = PBXGroup;
			children = (
				A1944095267A85EA0027EC70 /* CreateChallengeViewModel.swift */,
				A1944099267A86D60027EC70 /* DropdownItemProtocol.swift */,
			);
			path = ViewModels;
			sourceTree = "<group>";
		};
		F0C0654DCF21B74A0433C4B1 /* Frameworks */ = {
			isa = PBXGroup;
			children = (
				C979936677E22E460342F188 /* Pods_Increment.framework */,
			);
			name = Frameworks;
			sourceTree = "<group>";
		};
/* End PBXGroup section */

/* Begin PBXNativeTarget section */
		A194406B26751B550027EC70 /* Increment */ = {
			isa = PBXNativeTarget;
			buildConfigurationList = A194407B26751B640027EC70 /* Build configuration list for PBXNativeTarget "Increment" */;
			buildPhases = (
				653E9C1CDF9E3191B31F177C /* [CP] Check Pods Manifest.lock */,
				A194406826751B550027EC70 /* Sources */,
				A194406926751B550027EC70 /* Frameworks */,
				A194406A26751B550027EC70 /* Resources */,
				4C82ACFC37721BD655B59F63 /* [CP] Embed Pods Frameworks */,
			);
			buildRules = (
			);
			dependencies = (
			);
			name = Increment;
			productName = Increment;
			productReference = A194406C26751B550027EC70 /* Increment.app */;
			productType = "com.apple.product-type.application";
		};
/* End PBXNativeTarget section */

/* Begin PBXProject section */
		A194406426751B550027EC70 /* Project object */ = {
			isa = PBXProject;
			attributes = {
				LastSwiftUpdateCheck = 1220;
				LastUpgradeCheck = 1220;
				TargetAttributes = {
					A194406B26751B550027EC70 = {
						CreatedOnToolsVersion = 12.2;
					};
				};
			};
			buildConfigurationList = A194406726751B550027EC70 /* Build configuration list for PBXProject "Increment" */;
			compatibilityVersion = "Xcode 9.3";
			developmentRegion = en;
			hasScannedForEncodings = 0;
			knownRegions = (
				en,
				Base,
			);
			mainGroup = A194406326751B550027EC70;
			productRefGroup = A194406D26751B550027EC70 /* Products */;
			projectDirPath = "";
			projectRoot = "";
			targets = (
				A194406B26751B550027EC70 /* Increment */,
			);
		};
/* End PBXProject section */

/* Begin PBXResourcesBuildPhase section */
		A194406A26751B550027EC70 /* Resources */ = {
			isa = PBXResourcesBuildPhase;
			buildActionMask = 2147483647;
			files = (
				A194407726751B640027EC70 /* Preview Assets.xcassets in Resources */,
				A194407426751B640027EC70 /* Assets.xcassets in Resources */,
				A1662362267C2D880006083D /* GoogleService-Info.plist in Resources */,
			);
			runOnlyForDeploymentPostprocessing = 0;
		};
/* End PBXResourcesBuildPhase section */

/* Begin PBXShellScriptBuildPhase section */
		4C82ACFC37721BD655B59F63 /* [CP] Embed Pods Frameworks */ = {
			isa = PBXShellScriptBuildPhase;
			buildActionMask = 2147483647;
			files = (
			);
			inputFileListPaths = (
				"${PODS_ROOT}/Target Support Files/Pods-Increment/Pods-Increment-frameworks-${CONFIGURATION}-input-files.xcfilelist",
			);
			name = "[CP] Embed Pods Frameworks";
			outputFileListPaths = (
				"${PODS_ROOT}/Target Support Files/Pods-Increment/Pods-Increment-frameworks-${CONFIGURATION}-output-files.xcfilelist",
			);
			runOnlyForDeploymentPostprocessing = 0;
			shellPath = /bin/sh;
			shellScript = "\"${PODS_ROOT}/Target Support Files/Pods-Increment/Pods-Increment-frameworks.sh\"\n";
			showEnvVarsInLog = 0;
		};
		653E9C1CDF9E3191B31F177C /* [CP] Check Pods Manifest.lock */ = {
			isa = PBXShellScriptBuildPhase;
			buildActionMask = 2147483647;
			files = (
			);
			inputFileListPaths = (
			);
			inputPaths = (
				"${PODS_PODFILE_DIR_PATH}/Podfile.lock",
				"${PODS_ROOT}/Manifest.lock",
			);
			name = "[CP] Check Pods Manifest.lock";
			outputFileListPaths = (
			);
			outputPaths = (
				"$(DERIVED_FILE_DIR)/Pods-Increment-checkManifestLockResult.txt",
			);
			runOnlyForDeploymentPostprocessing = 0;
			shellPath = /bin/sh;
			shellScript = "diff \"${PODS_PODFILE_DIR_PATH}/Podfile.lock\" \"${PODS_ROOT}/Manifest.lock\" > /dev/null\nif [ $? != 0 ] ; then\n    # print error to STDERR\n    echo \"error: The sandbox is not in sync with the Podfile.lock. Run 'pod install' or update your CocoaPods installation.\" >&2\n    exit 1\nfi\n# This output is used by Xcode 'outputs' to avoid re-running this script phase.\necho \"SUCCESS\" > \"${SCRIPT_OUTPUT_FILE_0}\"\n";
			showEnvVarsInLog = 0;
		};
/* End PBXShellScriptBuildPhase section */

/* Begin PBXSourcesBuildPhase section */
		A194406826751B550027EC70 /* Sources */ = {
			isa = PBXSourcesBuildPhase;
			buildActionMask = 2147483647;
			files = (
				A1944081267521E30027EC70 /* PrimaryButtonStyle.swift in Sources */,
				A194407226751B550027EC70 /* LandingView.swift in Sources */,
				A194407026751B550027EC70 /* IncrementApp.swift in Sources */,
				A194409A267A86D60027EC70 /* DropdownItemProtocol.swift in Sources */,
				A1944084267523130027EC70 /* Color+Extension.swift in Sources */,
				A1944096267A85EA0027EC70 /* CreateChallengeViewModel.swift in Sources */,
				A1662394267C3F880006083D /* UserService.swift in Sources */,
				A194408E267534D50027EC70 /* RemindView.swift in Sources */,
				A194408826752D0C0027EC70 /* CreateView.swift in Sources */,
				A194408B26752E160027EC70 /* DropdownView.swift in Sources */,
			);
			runOnlyForDeploymentPostprocessing = 0;
		};
/* End PBXSourcesBuildPhase section */

/* Begin XCBuildConfiguration section */
		A194407926751B640027EC70 /* Debug */ = {
			isa = XCBuildConfiguration;
			buildSettings = {
				ALWAYS_SEARCH_USER_PATHS = NO;
				CLANG_ANALYZER_NONNULL = YES;
				CLANG_ANALYZER_NUMBER_OBJECT_CONVERSION = YES_AGGRESSIVE;
				CLANG_CXX_LANGUAGE_STANDARD = "gnu++14";
				CLANG_CXX_LIBRARY = "libc++";
				CLANG_ENABLE_MODULES = YES;
				CLANG_ENABLE_OBJC_ARC = YES;
				CLANG_ENABLE_OBJC_WEAK = YES;
				CLANG_WARN_BLOCK_CAPTURE_AUTORELEASING = YES;
				CLANG_WARN_BOOL_CONVERSION = YES;
				CLANG_WARN_COMMA = YES;
				CLANG_WARN_CONSTANT_CONVERSION = YES;
				CLANG_WARN_DEPRECATED_OBJC_IMPLEMENTATIONS = YES;
				CLANG_WARN_DIRECT_OBJC_ISA_USAGE = YES_ERROR;
				CLANG_WARN_DOCUMENTATION_COMMENTS = YES;
				CLANG_WARN_EMPTY_BODY = YES;
				CLANG_WARN_ENUM_CONVERSION = YES;
				CLANG_WARN_INFINITE_RECURSION = YES;
				CLANG_WARN_INT_CONVERSION = YES;
				CLANG_WARN_NON_LITERAL_NULL_CONVERSION = YES;
				CLANG_WARN_OBJC_IMPLICIT_RETAIN_SELF = YES;
				CLANG_WARN_OBJC_LITERAL_CONVERSION = YES;
				CLANG_WARN_OBJC_ROOT_CLASS = YES_ERROR;
				CLANG_WARN_QUOTED_INCLUDE_IN_FRAMEWORK_HEADER = YES;
				CLANG_WARN_RANGE_LOOP_ANALYSIS = YES;
				CLANG_WARN_STRICT_PROTOTYPES = YES;
				CLANG_WARN_SUSPICIOUS_MOVE = YES;
				CLANG_WARN_UNGUARDED_AVAILABILITY = YES_AGGRESSIVE;
				CLANG_WARN_UNREACHABLE_CODE = YES;
				CLANG_WARN__DUPLICATE_METHOD_MATCH = YES;
				COPY_PHASE_STRIP = NO;
				DEBUG_INFORMATION_FORMAT = dwarf;
				ENABLE_STRICT_OBJC_MSGSEND = YES;
				ENABLE_TESTABILITY = YES;
				GCC_C_LANGUAGE_STANDARD = gnu11;
				GCC_DYNAMIC_NO_PIC = NO;
				GCC_NO_COMMON_BLOCKS = YES;
				GCC_OPTIMIZATION_LEVEL = 0;
				GCC_PREPROCESSOR_DEFINITIONS = (
					"DEBUG=1",
					"$(inherited)",
				);
				GCC_WARN_64_TO_32_BIT_CONVERSION = YES;
				GCC_WARN_ABOUT_RETURN_TYPE = YES_ERROR;
				GCC_WARN_UNDECLARED_SELECTOR = YES;
				GCC_WARN_UNINITIALIZED_AUTOS = YES_AGGRESSIVE;
				GCC_WARN_UNUSED_FUNCTION = YES;
				GCC_WARN_UNUSED_VARIABLE = YES;
				IPHONEOS_DEPLOYMENT_TARGET = 14.2;
				MTL_ENABLE_DEBUG_INFO = INCLUDE_SOURCE;
				MTL_FAST_MATH = YES;
				ONLY_ACTIVE_ARCH = YES;
				SDKROOT = iphoneos;
				SWIFT_ACTIVE_COMPILATION_CONDITIONS = DEBUG;
				SWIFT_OPTIMIZATION_LEVEL = "-Onone";
			};
			name = Debug;
		};
		A194407A26751B640027EC70 /* Release */ = {
			isa = XCBuildConfiguration;
			buildSettings = {
				ALWAYS_SEARCH_USER_PATHS = NO;
				CLANG_ANALYZER_NONNULL = YES;
				CLANG_ANALYZER_NUMBER_OBJECT_CONVERSION = YES_AGGRESSIVE;
				CLANG_CXX_LANGUAGE_STANDARD = "gnu++14";
				CLANG_CXX_LIBRARY = "libc++";
				CLANG_ENABLE_MODULES = YES;
				CLANG_ENABLE_OBJC_ARC = YES;
				CLANG_ENABLE_OBJC_WEAK = YES;
				CLANG_WARN_BLOCK_CAPTURE_AUTORELEASING = YES;
				CLANG_WARN_BOOL_CONVERSION = YES;
				CLANG_WARN_COMMA = YES;
				CLANG_WARN_CONSTANT_CONVERSION = YES;
				CLANG_WARN_DEPRECATED_OBJC_IMPLEMENTATIONS = YES;
				CLANG_WARN_DIRECT_OBJC_ISA_USAGE = YES_ERROR;
				CLANG_WARN_DOCUMENTATION_COMMENTS = YES;
				CLANG_WARN_EMPTY_BODY = YES;
				CLANG_WARN_ENUM_CONVERSION = YES;
				CLANG_WARN_INFINITE_RECURSION = YES;
				CLANG_WARN_INT_CONVERSION = YES;
				CLANG_WARN_NON_LITERAL_NULL_CONVERSION = YES;
				CLANG_WARN_OBJC_IMPLICIT_RETAIN_SELF = YES;
				CLANG_WARN_OBJC_LITERAL_CONVERSION = YES;
				CLANG_WARN_OBJC_ROOT_CLASS = YES_ERROR;
				CLANG_WARN_QUOTED_INCLUDE_IN_FRAMEWORK_HEADER = YES;
				CLANG_WARN_RANGE_LOOP_ANALYSIS = YES;
				CLANG_WARN_STRICT_PROTOTYPES = YES;
				CLANG_WARN_SUSPICIOUS_MOVE = YES;
				CLANG_WARN_UNGUARDED_AVAILABILITY = YES_AGGRESSIVE;
				CLANG_WARN_UNREACHABLE_CODE = YES;
				CLANG_WARN__DUPLICATE_METHOD_MATCH = YES;
				COPY_PHASE_STRIP = NO;
				DEBUG_INFORMATION_FORMAT = "dwarf-with-dsym";
				ENABLE_NS_ASSERTIONS = NO;
				ENABLE_STRICT_OBJC_MSGSEND = YES;
				GCC_C_LANGUAGE_STANDARD = gnu11;
				GCC_NO_COMMON_BLOCKS = YES;
				GCC_WARN_64_TO_32_BIT_CONVERSION = YES;
				GCC_WARN_ABOUT_RETURN_TYPE = YES_ERROR;
				GCC_WARN_UNDECLARED_SELECTOR = YES;
				GCC_WARN_UNINITIALIZED_AUTOS = YES_AGGRESSIVE;
				GCC_WARN_UNUSED_FUNCTION = YES;
				GCC_WARN_UNUSED_VARIABLE = YES;
				IPHONEOS_DEPLOYMENT_TARGET = 14.2;
				MTL_ENABLE_DEBUG_INFO = NO;
				MTL_FAST_MATH = YES;
				SDKROOT = iphoneos;
				SWIFT_COMPILATION_MODE = wholemodule;
				SWIFT_OPTIMIZATION_LEVEL = "-O";
				VALIDATE_PRODUCT = YES;
			};
			name = Release;
		};
		A194407C26751B640027EC70 /* Debug */ = {
			isa = XCBuildConfiguration;
			baseConfigurationReference = B6EBB4FFB3FD9EE7A977F2C8 /* Pods-Increment.debug.xcconfig */;
			buildSettings = {
				ASSETCATALOG_COMPILER_APPICON_NAME = AppIcon;
				ASSETCATALOG_COMPILER_GLOBAL_ACCENT_COLOR_NAME = AccentColor;
				CODE_SIGN_STYLE = Automatic;
				DEVELOPMENT_ASSET_PATHS = "\"Increment/Preview Content\"";
				DEVELOPMENT_TEAM = JS6E6FS22B;
				ENABLE_PREVIEWS = YES;
				INFOPLIST_FILE = Increment/Info.plist;
				IPHONEOS_DEPLOYMENT_TARGET = 14.0;
				LD_RUNPATH_SEARCH_PATHS = (
					"$(inherited)",
					"@executable_path/Frameworks",
				);
				PRODUCT_BUNDLE_IDENTIFIER = com.application.Increment;
				PRODUCT_NAME = "$(TARGET_NAME)";
				SWIFT_VERSION = 5.0;
				TARGETED_DEVICE_FAMILY = "1,2";
			};
			name = Debug;
		};
		A194407D26751B640027EC70 /* Release */ = {
			isa = XCBuildConfiguration;
			baseConfigurationReference = 2D49DB24E6219E237592F4F0 /* Pods-Increment.release.xcconfig */;
			buildSettings = {
				ASSETCATALOG_COMPILER_APPICON_NAME = AppIcon;
				ASSETCATALOG_COMPILER_GLOBAL_ACCENT_COLOR_NAME = AccentColor;
				CODE_SIGN_STYLE = Automatic;
				DEVELOPMENT_ASSET_PATHS = "\"Increment/Preview Content\"";
				DEVELOPMENT_TEAM = JS6E6FS22B;
				ENABLE_PREVIEWS = YES;
				INFOPLIST_FILE = Increment/Info.plist;
				IPHONEOS_DEPLOYMENT_TARGET = 14.0;
				LD_RUNPATH_SEARCH_PATHS = (
					"$(inherited)",
					"@executable_path/Frameworks",
				);
				PRODUCT_BUNDLE_IDENTIFIER = com.application.Increment;
				PRODUCT_NAME = "$(TARGET_NAME)";
				SWIFT_VERSION = 5.0;
				TARGETED_DEVICE_FAMILY = "1,2";
			};
			name = Release;
		};
/* End XCBuildConfiguration section */

/* Begin XCConfigurationList section */
		A194406726751B550027EC70 /* Build configuration list for PBXProject "Increment" */ = {
			isa = XCConfigurationList;
			buildConfigurations = (
				A194407926751B640027EC70 /* Debug */,
				A194407A26751B640027EC70 /* Release */,
			);
			defaultConfigurationIsVisible = 0;
			defaultConfigurationName = Release;
		};
		A194407B26751B640027EC70 /* Build configuration list for PBXNativeTarget "Increment" */ = {
			isa = XCConfigurationList;
			buildConfigurations = (
				A194407C26751B640027EC70 /* Debug */,
				A194407D26751B640027EC70 /* Release */,
			);
			defaultConfigurationIsVisible = 0;
			defaultConfigurationName = Release;
		};
/* End XCConfigurationList section */
	};
	rootObject = A194406426751B550027EC70 /* Project object */;
}
